
Microsoft Visual Studio Solution File, Format Version 12.00
Project("{FAE04EC0-301F-11D3-BF4B-00C04F79EFBC}") = "Stonks", "Stonks.csproj", "{2D6ACB29-E2DD-40BB-9E66-3C2CDCC84D24}"
EndProject
Global
	GlobalSection(SolutionConfigurationPlatforms) = preSolution
		Debug|Any CPU = Debug|Any CPU
		Release|Any CPU = Release|Any CPU
	EndGlobalSection
	GlobalSection(ProjectConfigurationPlatforms) = postSolution
		{2D6ACB29-E2DD-40BB-9E66-3C2CDCC84D24}.Debug|Any CPU.ActiveCfg = Debug|Any CPU
		{2D6ACB29-E2DD-40BB-9E66-3C2CDCC84D24}.Debug|Any CPU.Build.0 = Debug|Any CPU
		{2D6ACB29-E2DD-40BB-9E66-3C2CDCC84D24}.Release|Any CPU.ActiveCfg = Release|Any CPU
		{2D6ACB29-E2DD-40BB-9E66-3C2CDCC84D24}.Release|Any CPU.Build.0 = Release|Any CPU
	EndGlobalSection
EndGlobal
